
Microsoft Visual Studio Solution File, Format Version 12.00
Project("{FAE04EC0-301F-11D3-BF4B-00C04F79EFBC}") = "PoeAcolyte", "PoeAcolyte.csproj", "{1F1703A9-C853-42AF-9A74-878F6678447E}"
EndProject
Global
	GlobalSection(SolutionConfigurationPlatforms) = preSolution
		Debug|Any CPU = Debug|Any CPU
		Release|Any CPU = Release|Any CPU
	EndGlobalSection
	GlobalSection(ProjectConfigurationPlatforms) = postSolution
		{1F1703A9-C853-42AF-9A74-878F6678447E}.Debug|Any CPU.ActiveCfg = Debug|Any CPU
		{1F1703A9-C853-42AF-9A74-878F6678447E}.Debug|Any CPU.Build.0 = Debug|Any CPU
		{1F1703A9-C853-42AF-9A74-878F6678447E}.Release|Any CPU.ActiveCfg = Release|Any CPU
		{1F1703A9-C853-42AF-9A74-878F6678447E}.Release|Any CPU.Build.0 = Release|Any CPU
	EndGlobalSection
EndGlobal
